
Microsoft Visual Studio Solution File, Format Version 12.00
# Visual Studio Version 17
VisualStudioVersion = 17.5.33627.172
MinimumVisualStudioVersion = 10.0.40219.1
Project("{FAE04EC0-301F-11D3-BF4B-00C04F79EFBC}") = "Combat Simulator", "Combat Simulator\Combat Simulator.csproj", "{416C728A-C879-4536-A5DB-21B8DE1132F1}"
EndProject
Global
	GlobalSection(SolutionConfigurationPlatforms) = preSolution
		Debug|Any CPU = Debug|Any CPU
		Release|Any CPU = Release|Any CPU
	EndGlobalSection
	GlobalSection(ProjectConfigurationPlatforms) = postSolution
		{416C728A-C879-4536-A5DB-21B8DE1132F1}.Debug|Any CPU.ActiveCfg = Debug|Any CPU
		{416C728A-C879-4536-A5DB-21B8DE1132F1}.Debug|Any CPU.Build.0 = Debug|Any CPU
		{416C728A-C879-4536-A5DB-21B8DE1132F1}.Release|Any CPU.ActiveCfg = Release|Any CPU
		{416C728A-C879-4536-A5DB-21B8DE1132F1}.Release|Any CPU.Build.0 = Release|Any CPU
	EndGlobalSection
	GlobalSection(SolutionProperties) = preSolution
		HideSolutionNode = FALSE
	EndGlobalSection
	GlobalSection(ExtensibilityGlobals) = postSolution
		SolutionGuid = {297405F7-BEAC-4573-BA95-33B0E0F4C67D}
	EndGlobalSection
EndGlobal
